// !$*UTF8*$!
{
	archiveVersion = 1;
	classes = {
	};
	objectVersion = 77;
	objects = {

/* Begin PBXContainerItemProxy section */
		2CEFE93E2E1CFB200089A309 /* PBXContainerItemProxy */ = {
			isa = PBXContainerItemProxy;
			containerPortal = 2CEFE9252E1CFB1F0089A309 /* Project object */;
			proxyType = 1;
			remoteGlobalIDString = 2CEFE92C2E1CFB1F0089A309;
			remoteInfo = AIPhotoManager;
		};
		2CEFE9482E1CFB200089A309 /* PBXContainerItemProxy */ = {
			isa = PBXContainerItemProxy;
			containerPortal = 2CEFE9252E1CFB1F0089A309 /* Project object */;
			proxyType = 1;
			remoteGlobalIDString = 2CEFE92C2E1CFB1F0089A309;
			remoteInfo = AIPhotoManager;
		};
/* End PBXContainerItemProxy section */

/* Begin PBXFileReference section */
		2CEFE92D2E1CFB1F0089A309 /* AIPhotoManager.app */ = {isa = PBXFileReference; explicitFileType = wrapper.application; includeInIndex = 0; path = AIPhotoManager.app; sourceTree = BUILT_PRODUCTS_DIR; };
		2CEFE93D2E1CFB200089A309 /* AIPhotoManagerTests.xctest */ = {isa = PBXFileReference; explicitFileType = wrapper.cfbundle; includeInIndex = 0; path = AIPhotoManagerTests.xctest; sourceTree = BUILT_PRODUCTS_DIR; };
		2CEFE9472E1CFB200089A309 /* AIPhotoManagerUITests.xctest */ = {isa = PBXFileReference; explicitFileType = wrapper.cfbundle; includeInIndex = 0; path = AIPhotoManagerUITests.xctest; sourceTree = BUILT_PRODUCTS_DIR; };
/* End PBXFileReference section */

/* Begin PBXFileSystemSynchronizedRootGroup section */
		2CEFE92F2E1CFB1F0089A309 /* AIPhotoManager */ = {
			isa = PBXFileSystemSynchronizedRootGroup;
			path = AIPhotoManager;
			sourceTree = "<group>";
		};
		2CEFE9402E1CFB200089A309 /* AIPhotoManagerTests */ = {
			isa = PBXFileSystemSynchronizedRootGroup;
			path = AIPhotoManagerTests;
			sourceTree = "<group>";
		};
		2CEFE94A2E1CFB200089A309 /* AIPhotoManagerUITests */ = {
			isa = PBXFileSystemSynchronizedRootGroup;
			path = AIPhotoManagerUITests;
			sourceTree = "<group>";
		};
/* End PBXFileSystemSynchronizedRootGroup section */

/* Begin PBXFrameworksBuildPhase section */
		2CEFE92A2E1CFB1F0089A309 /* Frameworks */ = {
			isa = PBXFrameworksBuildPhase;
			buildActionMask = 2147483647;
			files = (
			);
			runOnlyForDeploymentPostprocessing = 0;
		};
		2CEFE93A2E1CFB200089A309 /* Frameworks */ = {
			isa = PBXFrameworksBuildPhase;
			buildActionMask = 2147483647;
			files = (
			);
			runOnlyForDeploymentPostprocessing = 0;
		};
		2CEFE9442E1CFB200089A309 /* Frameworks */ = {
			isa = PBXFrameworksBuildPhase;
			buildActionMask = 2147483647;
			files = (
			);
			runOnlyForDeploymentPostprocessing = 0;
		};
/* End PBXFrameworksBuildPhase section */

/* Begin PBXGroup section */
		2CEFE9242E1CFB1F0089A309 = {
			isa = PBXGroup;
			children = (
				2CEFE92F2E1CFB1F0089A309 /* AIPhotoManager */,
				2CEFE9402E1CFB200089A309 /* AIPhotoManagerTests */,
				2CEFE94A2E1CFB200089A309 /* AIPhotoManagerUITests */,
				2CEFE92E2E1CFB1F0089A309 /* Products */,
			);
			sourceTree = "<group>";
		};
		2CEFE92E2E1CFB1F0089A309 /* Products */ = {
			isa = PBXGroup;
			children = (
				2CEFE92D2E1CFB1F0089A309 /* AIPhotoManager.app */,
				2CEFE93D2E1CFB200089A309 /* AIPhotoManagerTests.xctest */,
				2CEFE9472E1CFB200089A309 /* AIPhotoManagerUITests.xctest */,
			);
			name = Products;
			sourceTree = "<group>";
		};
/* End PBXGroup section */

/* Begin PBXNativeTarget section */
		2CEFE92C2E1CFB1F0089A309 /* AIPhotoManager */ = {
			isa = PBXNativeTarget;
			buildConfigurationList = 2CEFE9512E1CFB200089A309 /* Build configuration list for PBXNativeTarget "AIPhotoManager" */;
			buildPhases = (
				2CEFE9292E1CFB1F0089A309 /* Sources */,
				2CEFE92A2E1CFB1F0089A309 /* Frameworks */,
				2CEFE92B2E1CFB1F0089A309 /* Resources */,
			);
			buildRules = (
			);
			dependencies = (
			);
			fileSystemSynchronizedGroups = (
				2CEFE92F2E1CFB1F0089A309 /* AIPhotoManager */,
			);
			name = AIPhotoManager;
			packageProductDependencies = (
			);
			productName = AIPhotoManager;
			productReference = 2CEFE92D2E1CFB1F0089A309 /* AIPhotoManager.app */;
			productType = "com.apple.product-type.application";
		};
		2CEFE93C2E1CFB200089A309 /* AIPhotoManagerTests */ = {
			isa = PBXNativeTarget;
			buildConfigurationList = 2CEFE9542E1CFB200089A309 /* Build configuration list for PBXNativeTarget "AIPhotoManagerTests" */;
			buildPhases = (
				2CEFE9392E1CFB200089A309 /* Sources */,
				2CEFE93A2E1CFB200089A309 /* Frameworks */,
				2CEFE93B2E1CFB200089A309 /* Resources */,
			);
			buildRules = (
			);
			dependencies = (
				2CEFE93F2E1CFB200089A309 /* PBXTargetDependency */,
			);
			fileSystemSynchronizedGroups = (
				2CEFE9402E1CFB200089A309 /* AIPhotoManagerTests */,
			);
			name = AIPhotoManagerTests;
			packageProductDependencies = (
			);
			productName = AIPhotoManagerTests;
			productReference = 2CEFE93D2E1CFB200089A309 /* AIPhotoManagerTests.xctest */;
			productType = "com.apple.product-type.bundle.unit-test";
		};
		2CEFE9462E1CFB200089A309 /* AIPhotoManagerUITests */ = {
			isa = PBXNativeTarget;
			buildConfigurationList = 2CEFE9572E1CFB200089A309 /* Build configuration list for PBXNativeTarget "AIPhotoManagerUITests" */;
			buildPhases = (
				2CEFE9432E1CFB200089A309 /* Sources */,
				2CEFE9442E1CFB200089A309 /* Frameworks */,
				2CEFE9452E1CFB200089A309 /* Resources */,
			);
			buildRules = (
			);
			dependencies = (
				2CEFE9492E1CFB200089A309 /* PBXTargetDependency */,
			);
			fileSystemSynchronizedGroups = (
				2CEFE94A2E1CFB200089A309 /* AIPhotoManagerUITests */,
			);
			name = AIPhotoManagerUITests;
			packageProductDependencies = (
			);
			productName = AIPhotoManagerUITests;
			productReference = 2CEFE9472E1CFB200089A309 /* AIPhotoManagerUITests.xctest */;
			productType = "com.apple.product-type.bundle.ui-testing";
		};
/* End PBXNativeTarget section */

/* Begin PBXProject section */
		2CEFE9252E1CFB1F0089A309 /* Project object */ = {
			isa = PBXProject;
			attributes = {
				BuildIndependentTargetsInParallel = 1;
				LastSwiftUpdateCheck = 1620;
				LastUpgradeCheck = 1620;
				TargetAttributes = {
					2CEFE92C2E1CFB1F0089A309 = {
						CreatedOnToolsVersion = 16.2;
					};
					2CEFE93C2E1CFB200089A309 = {
						CreatedOnToolsVersion = 16.2;
						TestTargetID = 2CEFE92C2E1CFB1F0089A309;
					};
					2CEFE9462E1CFB200089A309 = {
						CreatedOnToolsVersion = 16.2;
						TestTargetID = 2CEFE92C2E1CFB1F0089A309;
					};
				};
			};
			buildConfigurationList = 2CEFE9282E1CFB1F0089A309 /* Build configuration list for PBXProject "AIPhotoManager" */;
			developmentRegion = en;
			hasScannedForEncodings = 0;
			knownRegions = (
				en,
				Base,
			);
			mainGroup = 2CEFE9242E1CFB1F0089A309;
			minimizedProjectReferenceProxies = 1;
			preferredProjectObjectVersion = 77;
			productRefGroup = 2CEFE92E2E1CFB1F0089A309 /* Products */;
			projectDirPath = "";
			projectRoot = "";
			targets = (
				2CEFE92C2E1CFB1F0089A309 /* AIPhotoManager */,
				2CEFE93C2E1CFB200089A309 /* AIPhotoManagerTests */,
				2CEFE9462E1CFB200089A309 /* AIPhotoManagerUITests */,
			);
		};
/* End PBXProject section */

/* Begin PBXResourcesBuildPhase section */
		2CEFE92B2E1CFB1F0089A309 /* Resources */ = {
			isa = PBXResourcesBuildPhase;
			buildActionMask = 2147483647;
			files = (
			);
			runOnlyForDeploymentPostprocessing = 0;
		};
		2CEFE93B2E1CFB200089A309 /* Resources */ = {
			isa = PBXResourcesBuildPhase;
			buildActionMask = 2147483647;
			files = (
			);
			runOnlyForDeploymentPostprocessing = 0;
		};
		2CEFE9452E1CFB200089A309 /* Resources */ = {
			isa = PBXResourcesBuildPhase;
			buildActionMask = 2147483647;
			files = (
			);
			runOnlyForDeploymentPostprocessing = 0;
		};
/* End PBXResourcesBuildPhase section */

/* Begin PBXSourcesBuildPhase section */
		2CEFE9292E1CFB1F0089A309 /* Sources */ = {
			isa = PBXSourcesBuildPhase;
			buildActionMask = 2147483647;
			files = (
			);
			runOnlyForDeploymentPostprocessing = 0;
		};
		2CEFE9392E1CFB200089A309 /* Sources */ = {
			isa = PBXSourcesBuildPhase;
			buildActionMask = 2147483647;
			files = (
			);
			runOnlyForDeploymentPostprocessing = 0;
		};
		2CEFE9432E1CFB200089A309 /* Sources */ = {
			isa = PBXSourcesBuildPhase;
			buildActionMask = 2147483647;
			files = (
			);
			runOnlyForDeploymentPostprocessing = 0;
		};
/* End PBXSourcesBuildPhase section */

/* Begin PBXTargetDependency section */
		2CEFE93F2E1CFB200089A309 /* PBXTargetDependency */ = {
			isa = PBXTargetDependency;
			target = 2CEFE92C2E1CFB1F0089A309 /* AIPhotoManager */;
			targetProxy = 2CEFE93E2E1CFB200089A309 /* PBXContainerItemProxy */;
		};
		2CEFE9492E1CFB200089A309 /* PBXTargetDependency */ = {
			isa = PBXTargetDependency;
			target = 2CEFE92C2E1CFB1F0089A309 /* AIPhotoManager */;
			targetProxy = 2CEFE9482E1CFB200089A309 /* PBXContainerItemProxy */;
		};
/* End PBXTargetDependency section */

/* Begin XCBuildConfiguration section */
		2CEFE94F2E1CFB200089A309 /* Debug */ = {
			isa = XCBuildConfiguration;
			buildSettings = {
				ALWAYS_SEARCH_USER_PATHS = NO;
				ASSETCATALOG_COMPILER_GENERATE_SWIFT_ASSET_SYMBOL_EXTENSIONS = YES;
				CLANG_ANALYZER_NONNULL = YES;
				CLANG_ANALYZER_NUMBER_OBJECT_CONVERSION = YES_AGGRESSIVE;
				CLANG_CXX_LANGUAGE_STANDARD = "gnu++20";
				CLANG_ENABLE_MODULES = YES;
				CLANG_ENABLE_OBJC_ARC = YES;
				CLANG_ENABLE_OBJC_WEAK = YES;
				CLANG_WARN_BLOCK_CAPTURE_AUTORELEASING = YES;
				CLANG_WARN_BOOL_CONVERSION = YES;
				CLANG_WARN_COMMA = YES;
				CLANG_WARN_CONSTANT_CONVERSION = YES;
				CLANG_WARN_DEPRECATED_OBJC_IMPLEMENTATIONS = YES;
				CLANG_WARN_DIRECT_OBJC_ISA_USAGE = YES_ERROR;
				CLANG_WARN_DOCUMENTATION_COMMENTS = YES;
				CLANG_WARN_EMPTY_BODY = YES;
				CLANG_WARN_ENUM_CONVERSION = YES;
				CLANG_WARN_INFINITE_RECURSION = YES;
				CLANG_WARN_INT_CONVERSION = YES;
				CLANG_WARN_NON_LITERAL_NULL_CONVERSION = YES;
				CLANG_WARN_OBJC_IMPLICIT_RETAIN_SELF = YES;
				CLANG_WARN_OBJC_LITERAL_CONVERSION = YES;
				CLANG_WARN_OBJC_ROOT_CLASS = YES_ERROR;
				CLANG_WARN_QUOTED_INCLUDE_IN_FRAMEWORK_HEADER = YES;
				CLANG_WARN_RANGE_LOOP_ANALYSIS = YES;
				CLANG_WARN_STRICT_PROTOTYPES = YES;
				CLANG_WARN_SUSPICIOUS_MOVE = YES;
				CLANG_WARN_UNGUARDED_AVAILABILITY = YES_AGGRESSIVE;
				CLANG_WARN_UNREACHABLE_CODE = YES;
				CLANG_WARN__DUPLICATE_METHOD_MATCH = YES;
				COPY_PHASE_STRIP = NO;
				DEBUG_INFORMATION_FORMAT = dwarf;
				ENABLE_STRICT_OBJC_MSGSEND = YES;
				ENABLE_TESTABILITY = YES;
				ENABLE_USER_SCRIPT_SANDBOXING = YES;
				GCC_C_LANGUAGE_STANDARD = gnu17;
				GCC_DYNAMIC_NO_PIC = NO;
				GCC_NO_COMMON_BLOCKS = YES;
				GCC_OPTIMIZATION_LEVEL = 0;
				GCC_PREPROCESSOR_DEFINITIONS = (
					"DEBUG=1",
					"$(inherited)",
				);
				GCC_WARN_64_TO_32_BIT_CONVERSION = YES;
				GCC_WARN_ABOUT_RETURN_TYPE = YES_ERROR;
				GCC_WARN_UNDECLARED_SELECTOR = YES;
				GCC_WARN_UNINITIALIZED_AUTOS = YES_AGGRESSIVE;
				GCC_WARN_UNUSED_FUNCTION = YES;
				GCC_WARN_UNUSED_VARIABLE = YES;
				IPHONEOS_DEPLOYMENT_TARGET = 18.2;
				LOCALIZATION_PREFERS_STRING_CATALOGS = YES;
				MTL_ENABLE_DEBUG_INFO = INCLUDE_SOURCE;
				MTL_FAST_MATH = YES;
				ONLY_ACTIVE_ARCH = YES;
				SDKROOT = iphoneos;
				SWIFT_ACTIVE_COMPILATION_CONDITIONS = "DEBUG $(inherited)";
				SWIFT_OPTIMIZATION_LEVEL = "-Onone";
			};
			name = Debug;
		};
		2CEFE9502E1CFB200089A309 /* Release */ = {
			isa = XCBuildConfiguration;
			buildSettings = {
				ALWAYS_SEARCH_USER_PATHS = NO;
				ASSETCATALOG_COMPILER_GENERATE_SWIFT_ASSET_SYMBOL_EXTENSIONS = YES;
				CLANG_ANALYZER_NONNULL = YES;
				CLANG_ANALYZER_NUMBER_OBJECT_CONVERSION = YES_AGGRESSIVE;
				CLANG_CXX_LANGUAGE_STANDARD = "gnu++20";
				CLANG_ENABLE_MODULES = YES;
				CLANG_ENABLE_OBJC_ARC = YES;
				CLANG_ENABLE_OBJC_WEAK = YES;
				CLANG_WARN_BLOCK_CAPTURE_AUTORELEASING = YES;
				CLANG_WARN_BOOL_CONVERSION = YES;
				CLANG_WARN_COMMA = YES;
				CLANG_WARN_CONSTANT_CONVERSION = YES;
				CLANG_WARN_DEPRECATED_OBJC_IMPLEMENTATIONS = YES;
				CLANG_WARN_DIRECT_OBJC_ISA_USAGE = YES_ERROR;
				CLANG_WARN_DOCUMENTATION_COMMENTS = YES;
				CLANG_WARN_EMPTY_BODY = YES;
				CLANG_WARN_ENUM_CONVERSION = YES;
				CLANG_WARN_INFINITE_RECURSION = YES;
				CLANG_WARN_INT_CONVERSION = YES;
				CLANG_WARN_NON_LITERAL_NULL_CONVERSION = YES;
				CLANG_WARN_OBJC_IMPLICIT_RETAIN_SELF = YES;
				CLANG_WARN_OBJC_LITERAL_CONVERSION = YES;
				CLANG_WARN_OBJC_ROOT_CLASS = YES_ERROR;
				CLANG_WARN_QUOTED_INCLUDE_IN_FRAMEWORK_HEADER = YES;
				CLANG_WARN_RANGE_LOOP_ANALYSIS = YES;
				CLANG_WARN_STRICT_PROTOTYPES = YES;
				CLANG_WARN_SUSPICIOUS_MOVE = YES;
				CLANG_WARN_UNGUARDED_AVAILABILITY = YES_AGGRESSIVE;
				CLANG_WARN_UNREACHABLE_CODE = YES;
				CLANG_WARN__DUPLICATE_METHOD_MATCH = YES;
				COPY_PHASE_STRIP = NO;
				DEBUG_INFORMATION_FORMAT = "dwarf-with-dsym";
				ENABLE_NS_ASSERTIONS = NO;
				ENABLE_STRICT_OBJC_MSGSEND = YES;
				ENABLE_USER_SCRIPT_SANDBOXING = YES;
				GCC_C_LANGUAGE_STANDARD = gnu17;
				GCC_NO_COMMON_BLOCKS = YES;
				GCC_WARN_64_TO_32_BIT_CONVERSION = YES;
				GCC_WARN_ABOUT_RETURN_TYPE = YES_ERROR;
				GCC_WARN_UNDECLARED_SELECTOR = YES;
				GCC_WARN_UNINITIALIZED_AUTOS = YES_AGGRESSIVE;
				GCC_WARN_UNUSED_FUNCTION = YES;
				GCC_WARN_UNUSED_VARIABLE = YES;
				IPHONEOS_DEPLOYMENT_TARGET = 18.2;
				LOCALIZATION_PREFERS_STRING_CATALOGS = YES;
				MTL_ENABLE_DEBUG_INFO = NO;
				MTL_FAST_MATH = YES;
				SDKROOT = iphoneos;
				SWIFT_COMPILATION_MODE = wholemodule;
				VALIDATE_PRODUCT = YES;
			};
			name = Release;
		};
		2CEFE9522E1CFB200089A309 /* Debug */ = {
			isa = XCBuildConfiguration;
			buildSettings = {
				ASSETCATALOG_COMPILER_APPICON_NAME = AppIcon;
				ASSETCATALOG_COMPILER_GLOBAL_ACCENT_COLOR_NAME = AccentColor;
				CODE_SIGN_STYLE = Automatic;
				CURRENT_PROJECT_VERSION = 1;
				DEVELOPMENT_ASSET_PATHS = "\"AIPhotoManager/Preview Content\"";
				DEVELOPMENT_TEAM = J3T5QTNAVP;
				ENABLE_PREVIEWS = YES;
				GENERATE_INFOPLIST_FILE = YES;
				INFOPLIST_KEY_UIApplicationSceneManifest_Generation = YES;
				INFOPLIST_KEY_UIApplicationSupportsIndirectInputEvents = YES;
				INFOPLIST_KEY_UILaunchScreen_Generation = YES;
				INFOPLIST_KEY_UISupportedInterfaceOrientations_iPad = "UIInterfaceOrientationPortrait UIInterfaceOrientationPortraitUpsideDown UIInterfaceOrientationLandscapeLeft UIInterfaceOrientationLandscapeRight";
				INFOPLIST_KEY_UISupportedInterfaceOrientations_iPhone = "UIInterfaceOrientationPortrait UIInterfaceOrientationLandscapeLeft UIInterfaceOrientationLandscapeRight";
				LD_RUNPATH_SEARCH_PATHS = (
					"$(inherited)",
					"@executable_path/Frameworks",
				);
				MARKETING_VERSION = 1.0;
				PRODUCT_BUNDLE_IDENTIFIER = sylar.test.AIPhotoManager;
				PRODUCT_NAME = "$(TARGET_NAME)";
				SWIFT_EMIT_LOC_STRINGS = YES;
				SWIFT_VERSION = 5.0;
				TARGETED_DEVICE_FAMILY = "1,2";
			};
			name = Debug;
		};
		2CEFE9532E1CFB200089A309 /* Release */ = {
			isa = XCBuildConfiguration;
			buildSettings = {
				ASSETCATALOG_COMPILER_APPICON_NAME = AppIcon;
				ASSETCATALOG_COMPILER_GLOBAL_ACCENT_COLOR_NAME = AccentColor;
				CODE_SIGN_STYLE = Automatic;
				CURRENT_PROJECT_VERSION = 1;
				DEVELOPMENT_ASSET_PATHS = "\"AIPhotoManager/Preview Content\"";
				DEVELOPMENT_TEAM = J3T5QTNAVP;
				ENABLE_PREVIEWS = YES;
				GENERATE_INFOPLIST_FILE = YES;
				INFOPLIST_KEY_UIApplicationSceneManifest_Generation = YES;
				INFOPLIST_KEY_UIApplicationSupportsIndirectInputEvents = YES;
				INFOPLIST_KEY_UILaunchScreen_Generation = YES;
				INFOPLIST_KEY_UISupportedInterfaceOrientations_iPad = "UIInterfaceOrientationPortrait UIInterfaceOrientationPortraitUpsideDown UIInterfaceOrientationLandscapeLeft UIInterfaceOrientationLandscapeRight";
				INFOPLIST_KEY_UISupportedInterfaceOrientations_iPhone = "UIInterfaceOrientationPortrait UIInterfaceOrientationLandscapeLeft UIInterfaceOrientationLandscapeRight";
				LD_RUNPATH_SEARCH_PATHS = (
					"$(inherited)",
					"@executable_path/Frameworks",
				);
				MARKETING_VERSION = 1.0;
				PRODUCT_BUNDLE_IDENTIFIER = sylar.test.AIPhotoManager;
				PRODUCT_NAME = "$(TARGET_NAME)";
				SWIFT_EMIT_LOC_STRINGS = YES;
				SWIFT_VERSION = 5.0;
				TARGETED_DEVICE_FAMILY = "1,2";
			};
			name = Release;
		};
		2CEFE9552E1CFB200089A309 /* Debug */ = {
			isa = XCBuildConfiguration;
			buildSettings = {
				BUNDLE_LOADER = "$(TEST_HOST)";
				CODE_SIGN_STYLE = Automatic;
				CURRENT_PROJECT_VERSION = 1;
				DEVELOPMENT_TEAM = J3T5QTNAVP;
				GENERATE_INFOPLIST_FILE = YES;
				IPHONEOS_DEPLOYMENT_TARGET = 18.2;
				MARKETING_VERSION = 1.0;
				PRODUCT_BUNDLE_IDENTIFIER = sylar.test.AIPhotoManagerTests;
				PRODUCT_NAME = "$(TARGET_NAME)";
				SWIFT_EMIT_LOC_STRINGS = NO;
				SWIFT_VERSION = 5.0;
				TARGETED_DEVICE_FAMILY = "1,2";
				TEST_HOST = "$(BUILT_PRODUCTS_DIR)/AIPhotoManager.app/$(BUNDLE_EXECUTABLE_FOLDER_PATH)/AIPhotoManager";
			};
			name = Debug;
		};
		2CEFE9562E1CFB200089A309 /* Release */ = {
			isa = XCBuildConfiguration;
			buildSettings = {
				BUNDLE_LOADER = "$(TEST_HOST)";
				CODE_SIGN_STYLE = Automatic;
				CURRENT_PROJECT_VERSION = 1;
				DEVELOPMENT_TEAM = J3T5QTNAVP;
				GENERATE_INFOPLIST_FILE = YES;
				IPHONEOS_DEPLOYMENT_TARGET = 18.2;
				MARKETING_VERSION = 1.0;
				PRODUCT_BUNDLE_IDENTIFIER = sylar.test.AIPhotoManagerTests;
				PRODUCT_NAME = "$(TARGET_NAME)";
				SWIFT_EMIT_LOC_STRINGS = NO;
				SWIFT_VERSION = 5.0;
				TARGETED_DEVICE_FAMILY = "1,2";
				TEST_HOST = "$(BUILT_PRODUCTS_DIR)/AIPhotoManager.app/$(BUNDLE_EXECUTABLE_FOLDER_PATH)/AIPhotoManager";
			};
			name = Release;
		};
		2CEFE9582E1CFB200089A309 /* Debug */ = {
			isa = XCBuildConfiguration;
			buildSettings = {
				CODE_SIGN_STYLE = Automatic;
				CURRENT_PROJECT_VERSION = 1;
				DEVELOPMENT_TEAM = J3T5QTNAVP;
				GENERATE_INFOPLIST_FILE = YES;
				MARKETING_VERSION = 1.0;
				PRODUCT_BUNDLE_IDENTIFIER = sylar.test.AIPhotoManagerUITests;
				PRODUCT_NAME = "$(TARGET_NAME)";
				SWIFT_EMIT_LOC_STRINGS = NO;
				SWIFT_VERSION = 5.0;
				TARGETED_DEVICE_FAMILY = "1,2";
				TEST_TARGET_NAME = AIPhotoManager;
			};
			name = Debug;
		};
		2CEFE9592E1CFB200089A309 /* Release */ = {
			isa = XCBuildConfiguration;
			buildSettings = {
				CODE_SIGN_STYLE = Automatic;
				CURRENT_PROJECT_VERSION = 1;
				DEVELOPMENT_TEAM = J3T5QTNAVP;
				GENERATE_INFOPLIST_FILE = YES;
				MARKETING_VERSION = 1.0;
				PRODUCT_BUNDLE_IDENTIFIER = sylar.test.AIPhotoManagerUITests;
				PRODUCT_NAME = "$(TARGET_NAME)";
				SWIFT_EMIT_LOC_STRINGS = NO;
				SWIFT_VERSION = 5.0;
				TARGETED_DEVICE_FAMILY = "1,2";
				TEST_TARGET_NAME = AIPhotoManager;
			};
			name = Release;
		};
/* End XCBuildConfiguration section */

/* Begin XCConfigurationList section */
		2CEFE9282E1CFB1F0089A309 /* Build configuration list for PBXProject "AIPhotoManager" */ = {
			isa = XCConfigurationList;
			buildConfigurations = (
				2CEFE94F2E1CFB200089A309 /* Debug */,
				2CEFE9502E1CFB200089A309 /* Release */,
			);
			defaultConfigurationIsVisible = 0;
			defaultConfigurationName = Release;
		};
		2CEFE9512E1CFB200089A309 /* Build configuration list for PBXNativeTarget "AIPhotoManager" */ = {
			isa = XCConfigurationList;
			buildConfigurations = (
				2CEFE9522E1CFB200089A309 /* Debug */,
				2CEFE9532E1CFB200089A309 /* Release */,
			);
			defaultConfigurationIsVisible = 0;
			defaultConfigurationName = Release;
		};
		2CEFE9542E1CFB200089A309 /* Build configuration list for PBXNativeTarget "AIPhotoManagerTests" */ = {
			isa = XCConfigurationList;
			buildConfigurations = (
				2CEFE9552E1CFB200089A309 /* Debug */,
				2CEFE9562E1CFB200089A309 /* Release */,
			);
			defaultConfigurationIsVisible = 0;
			defaultConfigurationName = Release;
		};
		2CEFE9572E1CFB200089A309 /* Build configuration list for PBXNativeTarget "AIPhotoManagerUITests" */ = {
			isa = XCConfigurationList;
			buildConfigurations = (
				2CEFE9582E1CFB200089A309 /* Debug */,
				2CEFE9592E1CFB200089A309 /* Release */,
			);
			defaultConfigurationIsVisible = 0;
			defaultConfigurationName = Release;
		};
/* End XCConfigurationList section */
	};
	rootObject = 2CEFE9252E1CFB1F0089A309 /* Project object */;
}
